
Microsoft Visual Studio Solution File, Format Version 12.00
# Visual Studio Version 17
VisualStudioVersion = 17.1.32421.90
MinimumVisualStudioVersion = 10.0.40219.1
Project("{2150E333-8FDC-42A3-9474-1A3956D46DE8}") = "BuildingBlocks", "BuildingBlocks", "{315ACAEC-EDF5-4082-95A0-A394F13E1BB5}"
EndProject
Project("{2150E333-8FDC-42A3-9474-1A3956D46DE8}") = "Services", "Services", "{551423C4-C1BE-4A97-A24B-A78447FA7075}"
EndProject
Project("{2150E333-8FDC-42A3-9474-1A3956D46DE8}") = "PersonContactInfo", "PersonContactInfo", "{BA2820F3-7088-435C-BD3E-BC5D699C7873}"
EndProject
Project("{2150E333-8FDC-42A3-9474-1A3956D46DE8}") = "Report", "Report", "{1642CC80-41E8-471A-9A3D-9A54C06C754A}"
EndProject
Project("{9A19103F-16F7-4668-BE54-9A1E7A4F7556}") = "PersonContactInfo.API", "Services\PersonContactInfo\PersonContactInfo.API\PersonContactInfo.API.csproj", "{FDB62C43-B97D-4597-8097-EB02EE6C93A7}"
EndProject
Project("{9A19103F-16F7-4668-BE54-9A1E7A4F7556}") = "Report.API", "Services\Report\Report.API\Report.API.csproj", "{64F358C6-48E7-4479-B642-AB86B6FCE320}"
EndProject
Project("{9A19103F-16F7-4668-BE54-9A1E7A4F7556}") = "PersonContactInfo.Domain", "Services\PersonContactInfo\PersonContactInfo.Domain\PersonContactInfo.Domain.csproj", "{BBF3175F-7173-4CCD-9170-4AB938A86FB4}"
EndProject
Project("{9A19103F-16F7-4668-BE54-9A1E7A4F7556}") = "PersonContactInfo.Application", "Services\PersonContactInfo\PersonContactInfo.Application\PersonContactInfo.Application.csproj", "{9F956CEB-0AD5-4269-BEE9-41418B590F06}"
EndProject
Project("{9A19103F-16F7-4668-BE54-9A1E7A4F7556}") = "PersonContactInfo.Inftastructure", "Services\PersonContactInfo\PersonContactInfo.Inftastructure\PersonContactInfo.Inftastructure.csproj", "{ADD66C19-A580-4C1C-AFED-D1C5A969BA2D}"
EndProject
Project("{FAE04EC0-301F-11D3-BF4B-00C04F79EFBC}") = "Report.Application", "Services\Report\Report.Application\Report.Application.csproj", "{0B6C1EEF-8718-4D33-ACCB-C9C38A6DE387}"
EndProject
Project("{FAE04EC0-301F-11D3-BF4B-00C04F79EFBC}") = "Report.Domain", "Services\Report\Report.Domain\Report.Domain.csproj", "{B3A62BB4-87BB-46A3-A86D-AD4409ADC3B3}"
EndProject
Project("{FAE04EC0-301F-11D3-BF4B-00C04F79EFBC}") = "Report.Infrastructure", "Services\Report\Report.Infrastructure\Report.Infrastructure.csproj", "{A59AD43B-888A-45CD-94E0-8C0371D50DEC}"
EndProject
Global
	GlobalSection(SolutionConfigurationPlatforms) = preSolution
		Debug|Any CPU = Debug|Any CPU
		Release|Any CPU = Release|Any CPU
	EndGlobalSection
	GlobalSection(ProjectConfigurationPlatforms) = postSolution
		{FDB62C43-B97D-4597-8097-EB02EE6C93A7}.Debug|Any CPU.ActiveCfg = Debug|Any CPU
		{FDB62C43-B97D-4597-8097-EB02EE6C93A7}.Debug|Any CPU.Build.0 = Debug|Any CPU
		{FDB62C43-B97D-4597-8097-EB02EE6C93A7}.Release|Any CPU.ActiveCfg = Release|Any CPU
		{FDB62C43-B97D-4597-8097-EB02EE6C93A7}.Release|Any CPU.Build.0 = Release|Any CPU
		{64F358C6-48E7-4479-B642-AB86B6FCE320}.Debug|Any CPU.ActiveCfg = Debug|Any CPU
		{64F358C6-48E7-4479-B642-AB86B6FCE320}.Debug|Any CPU.Build.0 = Debug|Any CPU
		{64F358C6-48E7-4479-B642-AB86B6FCE320}.Release|Any CPU.ActiveCfg = Release|Any CPU
		{64F358C6-48E7-4479-B642-AB86B6FCE320}.Release|Any CPU.Build.0 = Release|Any CPU
		{BBF3175F-7173-4CCD-9170-4AB938A86FB4}.Debug|Any CPU.ActiveCfg = Debug|Any CPU
		{BBF3175F-7173-4CCD-9170-4AB938A86FB4}.Debug|Any CPU.Build.0 = Debug|Any CPU
		{BBF3175F-7173-4CCD-9170-4AB938A86FB4}.Release|Any CPU.ActiveCfg = Release|Any CPU
		{BBF3175F-7173-4CCD-9170-4AB938A86FB4}.Release|Any CPU.Build.0 = Release|Any CPU
		{9F956CEB-0AD5-4269-BEE9-41418B590F06}.Debug|Any CPU.ActiveCfg = Debug|Any CPU
		{9F956CEB-0AD5-4269-BEE9-41418B590F06}.Debug|Any CPU.Build.0 = Debug|Any CPU
		{9F956CEB-0AD5-4269-BEE9-41418B590F06}.Release|Any CPU.ActiveCfg = Release|Any CPU
		{9F956CEB-0AD5-4269-BEE9-41418B590F06}.Release|Any CPU.Build.0 = Release|Any CPU
		{ADD66C19-A580-4C1C-AFED-D1C5A969BA2D}.Debug|Any CPU.ActiveCfg = Debug|Any CPU
		{ADD66C19-A580-4C1C-AFED-D1C5A969BA2D}.Debug|Any CPU.Build.0 = Debug|Any CPU
		{ADD66C19-A580-4C1C-AFED-D1C5A969BA2D}.Release|Any CPU.ActiveCfg = Release|Any CPU
		{ADD66C19-A580-4C1C-AFED-D1C5A969BA2D}.Release|Any CPU.Build.0 = Release|Any CPU
		{0B6C1EEF-8718-4D33-ACCB-C9C38A6DE387}.Debug|Any CPU.ActiveCfg = Debug|Any CPU
		{0B6C1EEF-8718-4D33-ACCB-C9C38A6DE387}.Debug|Any CPU.Build.0 = Debug|Any CPU
		{0B6C1EEF-8718-4D33-ACCB-C9C38A6DE387}.Release|Any CPU.ActiveCfg = Release|Any CPU
		{0B6C1EEF-8718-4D33-ACCB-C9C38A6DE387}.Release|Any CPU.Build.0 = Release|Any CPU
		{B3A62BB4-87BB-46A3-A86D-AD4409ADC3B3}.Debug|Any CPU.ActiveCfg = Debug|Any CPU
		{B3A62BB4-87BB-46A3-A86D-AD4409ADC3B3}.Debug|Any CPU.Build.0 = Debug|Any CPU
		{B3A62BB4-87BB-46A3-A86D-AD4409ADC3B3}.Release|Any CPU.ActiveCfg = Release|Any CPU
		{B3A62BB4-87BB-46A3-A86D-AD4409ADC3B3}.Release|Any CPU.Build.0 = Release|Any CPU
		{A59AD43B-888A-45CD-94E0-8C0371D50DEC}.Debug|Any CPU.ActiveCfg = Debug|Any CPU
		{A59AD43B-888A-45CD-94E0-8C0371D50DEC}.Debug|Any CPU.Build.0 = Debug|Any CPU
		{A59AD43B-888A-45CD-94E0-8C0371D50DEC}.Release|Any CPU.ActiveCfg = Release|Any CPU
		{A59AD43B-888A-45CD-94E0-8C0371D50DEC}.Release|Any CPU.Build.0 = Release|Any CPU
	EndGlobalSection
	GlobalSection(SolutionProperties) = preSolution
		HideSolutionNode = FALSE
	EndGlobalSection
	GlobalSection(NestedProjects) = preSolution
		{BA2820F3-7088-435C-BD3E-BC5D699C7873} = {551423C4-C1BE-4A97-A24B-A78447FA7075}
		{1642CC80-41E8-471A-9A3D-9A54C06C754A} = {551423C4-C1BE-4A97-A24B-A78447FA7075}
		{FDB62C43-B97D-4597-8097-EB02EE6C93A7} = {BA2820F3-7088-435C-BD3E-BC5D699C7873}
		{64F358C6-48E7-4479-B642-AB86B6FCE320} = {1642CC80-41E8-471A-9A3D-9A54C06C754A}
		{BBF3175F-7173-4CCD-9170-4AB938A86FB4} = {BA2820F3-7088-435C-BD3E-BC5D699C7873}
		{9F956CEB-0AD5-4269-BEE9-41418B590F06} = {BA2820F3-7088-435C-BD3E-BC5D699C7873}
		{ADD66C19-A580-4C1C-AFED-D1C5A969BA2D} = {BA2820F3-7088-435C-BD3E-BC5D699C7873}
		{0B6C1EEF-8718-4D33-ACCB-C9C38A6DE387} = {1642CC80-41E8-471A-9A3D-9A54C06C754A}
		{B3A62BB4-87BB-46A3-A86D-AD4409ADC3B3} = {1642CC80-41E8-471A-9A3D-9A54C06C754A}
		{A59AD43B-888A-45CD-94E0-8C0371D50DEC} = {1642CC80-41E8-471A-9A3D-9A54C06C754A}
	EndGlobalSection
	GlobalSection(ExtensibilityGlobals) = postSolution
		SolutionGuid = {CD884D6F-6142-4E43-840E-96DEF0A2F8CF}
	EndGlobalSection
EndGlobal
