
Microsoft Visual Studio Solution File, Format Version 12.00
# Visual Studio Version 17
VisualStudioVersion = 17.1.32421.90
MinimumVisualStudioVersion = 10.0.40219.1
Project("{2150E333-8FDC-42A3-9474-1A3956D46DE8}") = "BuildingBlocks", "BuildingBlocks", "{315ACAEC-EDF5-4082-95A0-A394F13E1BB5}"
EndProject
Project("{2150E333-8FDC-42A3-9474-1A3956D46DE8}") = "Services", "Services", "{551423C4-C1BE-4A97-A24B-A78447FA7075}"
EndProject
Project("{2150E333-8FDC-42A3-9474-1A3956D46DE8}") = "PersonContactInfo", "PersonContactInfo", "{BA2820F3-7088-435C-BD3E-BC5D699C7873}"
EndProject
Project("{2150E333-8FDC-42A3-9474-1A3956D46DE8}") = "Report", "Report", "{1642CC80-41E8-471A-9A3D-9A54C06C754A}"
EndProject
Project("{9A19103F-16F7-4668-BE54-9A1E7A4F7556}") = "PersonContactInfo.API", "Services\PersonContactInfo\PersonContactInfo.API\PersonContactInfo.API.csproj", "{FDB62C43-B97D-4597-8097-EB02EE6C93A7}"
EndProject
Project("{9A19103F-16F7-4668-BE54-9A1E7A4F7556}") = "Report.API", "Services\Report\Report.API\Report.API.csproj", "{64F358C6-48E7-4479-B642-AB86B6FCE320}"
EndProject
Project("{9A19103F-16F7-4668-BE54-9A1E7A4F7556}") = "PersonContactInfo.Domain", "Services\PersonContactInfo\PersonContactInfo.Domain\PersonContactInfo.Domain.csproj", "{BBF3175F-7173-4CCD-9170-4AB938A86FB4}"
EndProject
Project("{9A19103F-16F7-4668-BE54-9A1E7A4F7556}") = "PersonContactInfo.Application", "Services\PersonContactInfo\PersonContactInfo.Application\PersonContactInfo.Application.csproj", "{9F956CEB-0AD5-4269-BEE9-41418B590F06}"
EndProject
Project("{9A19103F-16F7-4668-BE54-9A1E7A4F7556}") = "PersonContactInfo.Inftastructure", "Services\PersonContactInfo\PersonContactInfo.Inftastructure\PersonContactInfo.Inftastructure.csproj", "{ADD66C19-A580-4C1C-AFED-D1C5A969BA2D}"
EndProject
Project("{9A19103F-16F7-4668-BE54-9A1E7A4F7556}") = "Report.Application", "Services\Report\Report.Application\Report.Application.csproj", "{0B6C1EEF-8718-4D33-ACCB-C9C38A6DE387}"
EndProject
Project("{9A19103F-16F7-4668-BE54-9A1E7A4F7556}") = "Report.Domain", "Services\Report\Report.Domain\Report.Domain.csproj", "{B3A62BB4-87BB-46A3-A86D-AD4409ADC3B3}"
EndProject
Project("{9A19103F-16F7-4668-BE54-9A1E7A4F7556}") = "Report.Infrastructure", "Services\Report\Report.Infrastructure\Report.Infrastructure.csproj", "{A59AD43B-888A-45CD-94E0-8C0371D50DEC}"
EndProject
Project("{9A19103F-16F7-4668-BE54-9A1E7A4F7556}") = "BuildingBlocks", "BuildingBlocks\BuildingBlocks\BuildingBlocks.csproj", "{7102C222-C888-4C62-8381-517BC1626F7C}"
EndProject
Project("{2150E333-8FDC-42A3-9474-1A3956D46DE8}") = "EventBus", "EventBus", "{7845EC20-C62E-481A-A7C0-D3917022193D}"
EndProject
Project("{9A19103F-16F7-4668-BE54-9A1E7A4F7556}") = "EventBus.Base", "BuildingBlocks\EventBus\EventBus.Base\EventBus.Base.csproj", "{10D10288-5CCF-443B-A342-0A44311888D1}"
EndProject
Project("{9A19103F-16F7-4668-BE54-9A1E7A4F7556}") = "EventBus.Factory", "BuildingBlocks\EventBus\EventBus.Factory\EventBus.Factory.csproj", "{FB43EF4F-220F-4FC5-9BA2-D5DFCFB4BFFB}"
EndProject
Project("{9A19103F-16F7-4668-BE54-9A1E7A4F7556}") = "EventBus.RabbitMQ", "BuildingBlocks\EventBus\EventBus.RabbitMQ\EventBus.RabbitMQ.csproj", "{93D2591D-0447-4309-80FC-90BA1ACDDCC5}"
EndProject
Project("{2150E333-8FDC-42A3-9474-1A3956D46DE8}") = "src", "src", "{F600EB70-4AD3-4367-AEF2-527A85739F45}"
EndProject
Project("{2150E333-8FDC-42A3-9474-1A3956D46DE8}") = "test", "test", "{68FD409E-5B2F-4647-83AB-AEDF5C4F7D97}"
EndProject
Project("{FAE04EC0-301F-11D3-BF4B-00C04F79EFBC}") = "PersonContactInfo.Application.Test", "test\PersonContactInfo.Application.Test\PersonContactInfo.Application.Test.csproj", "{8BA685E2-D83F-447E-A00B-06C865AD4E32}"
EndProject
Project("{2150E333-8FDC-42A3-9474-1A3956D46DE8}") = "PersonContactInfo", "PersonContactInfo", "{7BAA1082-C4AA-46EB-91E4-A1DE67A9C6E9}"
EndProject
Project("{2150E333-8FDC-42A3-9474-1A3956D46DE8}") = "Report", "Report", "{1381D159-BA9E-4392-8DB9-8127ABC9CFC1}"
EndProject
Project("{FAE04EC0-301F-11D3-BF4B-00C04F79EFBC}") = "Report.Application.Test", "test\Report.Application.Test\Report.Application.Test.csproj", "{63A3D9FA-252E-4090-AB82-DDD75FC6CF8C}"
EndProject
Project("{2150E333-8FDC-42A3-9474-1A3956D46DE8}") = "EventBus", "EventBus", "{DAC562DC-F640-4751-9D24-696D67C0D85C}"
EndProject
Project("{FAE04EC0-301F-11D3-BF4B-00C04F79EFBC}") = "EventBus.Test", "test\EventBus.Test\EventBus.Test.csproj", "{C480D75A-43CA-40EF-BC0E-539A5FF6203D}"
EndProject
Global
	GlobalSection(SolutionConfigurationPlatforms) = preSolution
		Debug|Any CPU = Debug|Any CPU
		Release|Any CPU = Release|Any CPU
	EndGlobalSection
	GlobalSection(ProjectConfigurationPlatforms) = postSolution
		{FDB62C43-B97D-4597-8097-EB02EE6C93A7}.Debug|Any CPU.ActiveCfg = Debug|Any CPU
		{FDB62C43-B97D-4597-8097-EB02EE6C93A7}.Debug|Any CPU.Build.0 = Debug|Any CPU
		{FDB62C43-B97D-4597-8097-EB02EE6C93A7}.Release|Any CPU.ActiveCfg = Release|Any CPU
		{FDB62C43-B97D-4597-8097-EB02EE6C93A7}.Release|Any CPU.Build.0 = Release|Any CPU
		{64F358C6-48E7-4479-B642-AB86B6FCE320}.Debug|Any CPU.ActiveCfg = Debug|Any CPU
		{64F358C6-48E7-4479-B642-AB86B6FCE320}.Debug|Any CPU.Build.0 = Debug|Any CPU
		{64F358C6-48E7-4479-B642-AB86B6FCE320}.Release|Any CPU.ActiveCfg = Release|Any CPU
		{64F358C6-48E7-4479-B642-AB86B6FCE320}.Release|Any CPU.Build.0 = Release|Any CPU
		{BBF3175F-7173-4CCD-9170-4AB938A86FB4}.Debug|Any CPU.ActiveCfg = Debug|Any CPU
		{BBF3175F-7173-4CCD-9170-4AB938A86FB4}.Debug|Any CPU.Build.0 = Debug|Any CPU
		{BBF3175F-7173-4CCD-9170-4AB938A86FB4}.Release|Any CPU.ActiveCfg = Release|Any CPU
		{BBF3175F-7173-4CCD-9170-4AB938A86FB4}.Release|Any CPU.Build.0 = Release|Any CPU
		{9F956CEB-0AD5-4269-BEE9-41418B590F06}.Debug|Any CPU.ActiveCfg = Debug|Any CPU
		{9F956CEB-0AD5-4269-BEE9-41418B590F06}.Debug|Any CPU.Build.0 = Debug|Any CPU
		{9F956CEB-0AD5-4269-BEE9-41418B590F06}.Release|Any CPU.ActiveCfg = Release|Any CPU
		{9F956CEB-0AD5-4269-BEE9-41418B590F06}.Release|Any CPU.Build.0 = Release|Any CPU
		{ADD66C19-A580-4C1C-AFED-D1C5A969BA2D}.Debug|Any CPU.ActiveCfg = Debug|Any CPU
		{ADD66C19-A580-4C1C-AFED-D1C5A969BA2D}.Debug|Any CPU.Build.0 = Debug|Any CPU
		{ADD66C19-A580-4C1C-AFED-D1C5A969BA2D}.Release|Any CPU.ActiveCfg = Release|Any CPU
		{ADD66C19-A580-4C1C-AFED-D1C5A969BA2D}.Release|Any CPU.Build.0 = Release|Any CPU
		{0B6C1EEF-8718-4D33-ACCB-C9C38A6DE387}.Debug|Any CPU.ActiveCfg = Debug|Any CPU
		{0B6C1EEF-8718-4D33-ACCB-C9C38A6DE387}.Debug|Any CPU.Build.0 = Debug|Any CPU
		{0B6C1EEF-8718-4D33-ACCB-C9C38A6DE387}.Release|Any CPU.ActiveCfg = Release|Any CPU
		{0B6C1EEF-8718-4D33-ACCB-C9C38A6DE387}.Release|Any CPU.Build.0 = Release|Any CPU
		{B3A62BB4-87BB-46A3-A86D-AD4409ADC3B3}.Debug|Any CPU.ActiveCfg = Debug|Any CPU
		{B3A62BB4-87BB-46A3-A86D-AD4409ADC3B3}.Debug|Any CPU.Build.0 = Debug|Any CPU
		{B3A62BB4-87BB-46A3-A86D-AD4409ADC3B3}.Release|Any CPU.ActiveCfg = Release|Any CPU
		{B3A62BB4-87BB-46A3-A86D-AD4409ADC3B3}.Release|Any CPU.Build.0 = Release|Any CPU
		{A59AD43B-888A-45CD-94E0-8C0371D50DEC}.Debug|Any CPU.ActiveCfg = Debug|Any CPU
		{A59AD43B-888A-45CD-94E0-8C0371D50DEC}.Debug|Any CPU.Build.0 = Debug|Any CPU
		{A59AD43B-888A-45CD-94E0-8C0371D50DEC}.Release|Any CPU.ActiveCfg = Release|Any CPU
		{A59AD43B-888A-45CD-94E0-8C0371D50DEC}.Release|Any CPU.Build.0 = Release|Any CPU
		{7102C222-C888-4C62-8381-517BC1626F7C}.Debug|Any CPU.ActiveCfg = Debug|Any CPU
		{7102C222-C888-4C62-8381-517BC1626F7C}.Debug|Any CPU.Build.0 = Debug|Any CPU
		{7102C222-C888-4C62-8381-517BC1626F7C}.Release|Any CPU.ActiveCfg = Release|Any CPU
		{7102C222-C888-4C62-8381-517BC1626F7C}.Release|Any CPU.Build.0 = Release|Any CPU
		{10D10288-5CCF-443B-A342-0A44311888D1}.Debug|Any CPU.ActiveCfg = Debug|Any CPU
		{10D10288-5CCF-443B-A342-0A44311888D1}.Debug|Any CPU.Build.0 = Debug|Any CPU
		{10D10288-5CCF-443B-A342-0A44311888D1}.Release|Any CPU.ActiveCfg = Release|Any CPU
		{10D10288-5CCF-443B-A342-0A44311888D1}.Release|Any CPU.Build.0 = Release|Any CPU
		{FB43EF4F-220F-4FC5-9BA2-D5DFCFB4BFFB}.Debug|Any CPU.ActiveCfg = Debug|Any CPU
		{FB43EF4F-220F-4FC5-9BA2-D5DFCFB4BFFB}.Debug|Any CPU.Build.0 = Debug|Any CPU
		{FB43EF4F-220F-4FC5-9BA2-D5DFCFB4BFFB}.Release|Any CPU.ActiveCfg = Release|Any CPU
		{FB43EF4F-220F-4FC5-9BA2-D5DFCFB4BFFB}.Release|Any CPU.Build.0 = Release|Any CPU
		{93D2591D-0447-4309-80FC-90BA1ACDDCC5}.Debug|Any CPU.ActiveCfg = Debug|Any CPU
		{93D2591D-0447-4309-80FC-90BA1ACDDCC5}.Debug|Any CPU.Build.0 = Debug|Any CPU
		{93D2591D-0447-4309-80FC-90BA1ACDDCC5}.Release|Any CPU.ActiveCfg = Release|Any CPU
		{93D2591D-0447-4309-80FC-90BA1ACDDCC5}.Release|Any CPU.Build.0 = Release|Any CPU
		{8BA685E2-D83F-447E-A00B-06C865AD4E32}.Debug|Any CPU.ActiveCfg = Debug|Any CPU
		{8BA685E2-D83F-447E-A00B-06C865AD4E32}.Debug|Any CPU.Build.0 = Debug|Any CPU
		{8BA685E2-D83F-447E-A00B-06C865AD4E32}.Release|Any CPU.ActiveCfg = Release|Any CPU
		{8BA685E2-D83F-447E-A00B-06C865AD4E32}.Release|Any CPU.Build.0 = Release|Any CPU
		{63A3D9FA-252E-4090-AB82-DDD75FC6CF8C}.Debug|Any CPU.ActiveCfg = Debug|Any CPU
		{63A3D9FA-252E-4090-AB82-DDD75FC6CF8C}.Debug|Any CPU.Build.0 = Debug|Any CPU
		{63A3D9FA-252E-4090-AB82-DDD75FC6CF8C}.Release|Any CPU.ActiveCfg = Release|Any CPU
		{63A3D9FA-252E-4090-AB82-DDD75FC6CF8C}.Release|Any CPU.Build.0 = Release|Any CPU
		{C480D75A-43CA-40EF-BC0E-539A5FF6203D}.Debug|Any CPU.ActiveCfg = Debug|Any CPU
		{C480D75A-43CA-40EF-BC0E-539A5FF6203D}.Debug|Any CPU.Build.0 = Debug|Any CPU
		{C480D75A-43CA-40EF-BC0E-539A5FF6203D}.Release|Any CPU.ActiveCfg = Release|Any CPU
		{C480D75A-43CA-40EF-BC0E-539A5FF6203D}.Release|Any CPU.Build.0 = Release|Any CPU
	EndGlobalSection
	GlobalSection(SolutionProperties) = preSolution
		HideSolutionNode = FALSE
	EndGlobalSection
	GlobalSection(NestedProjects) = preSolution
		{315ACAEC-EDF5-4082-95A0-A394F13E1BB5} = {F600EB70-4AD3-4367-AEF2-527A85739F45}
		{551423C4-C1BE-4A97-A24B-A78447FA7075} = {F600EB70-4AD3-4367-AEF2-527A85739F45}
		{BA2820F3-7088-435C-BD3E-BC5D699C7873} = {551423C4-C1BE-4A97-A24B-A78447FA7075}
		{1642CC80-41E8-471A-9A3D-9A54C06C754A} = {551423C4-C1BE-4A97-A24B-A78447FA7075}
		{FDB62C43-B97D-4597-8097-EB02EE6C93A7} = {BA2820F3-7088-435C-BD3E-BC5D699C7873}
		{64F358C6-48E7-4479-B642-AB86B6FCE320} = {1642CC80-41E8-471A-9A3D-9A54C06C754A}
		{BBF3175F-7173-4CCD-9170-4AB938A86FB4} = {BA2820F3-7088-435C-BD3E-BC5D699C7873}
		{9F956CEB-0AD5-4269-BEE9-41418B590F06} = {BA2820F3-7088-435C-BD3E-BC5D699C7873}
		{ADD66C19-A580-4C1C-AFED-D1C5A969BA2D} = {BA2820F3-7088-435C-BD3E-BC5D699C7873}
		{0B6C1EEF-8718-4D33-ACCB-C9C38A6DE387} = {1642CC80-41E8-471A-9A3D-9A54C06C754A}
		{B3A62BB4-87BB-46A3-A86D-AD4409ADC3B3} = {1642CC80-41E8-471A-9A3D-9A54C06C754A}
		{A59AD43B-888A-45CD-94E0-8C0371D50DEC} = {1642CC80-41E8-471A-9A3D-9A54C06C754A}
		{7102C222-C888-4C62-8381-517BC1626F7C} = {315ACAEC-EDF5-4082-95A0-A394F13E1BB5}
		{7845EC20-C62E-481A-A7C0-D3917022193D} = {315ACAEC-EDF5-4082-95A0-A394F13E1BB5}
		{10D10288-5CCF-443B-A342-0A44311888D1} = {7845EC20-C62E-481A-A7C0-D3917022193D}
		{FB43EF4F-220F-4FC5-9BA2-D5DFCFB4BFFB} = {7845EC20-C62E-481A-A7C0-D3917022193D}
		{93D2591D-0447-4309-80FC-90BA1ACDDCC5} = {7845EC20-C62E-481A-A7C0-D3917022193D}
		{8BA685E2-D83F-447E-A00B-06C865AD4E32} = {7BAA1082-C4AA-46EB-91E4-A1DE67A9C6E9}
		{7BAA1082-C4AA-46EB-91E4-A1DE67A9C6E9} = {68FD409E-5B2F-4647-83AB-AEDF5C4F7D97}
		{1381D159-BA9E-4392-8DB9-8127ABC9CFC1} = {68FD409E-5B2F-4647-83AB-AEDF5C4F7D97}
		{63A3D9FA-252E-4090-AB82-DDD75FC6CF8C} = {1381D159-BA9E-4392-8DB9-8127ABC9CFC1}
		{DAC562DC-F640-4751-9D24-696D67C0D85C} = {68FD409E-5B2F-4647-83AB-AEDF5C4F7D97}
		{C480D75A-43CA-40EF-BC0E-539A5FF6203D} = {DAC562DC-F640-4751-9D24-696D67C0D85C}
	EndGlobalSection
	GlobalSection(ExtensibilityGlobals) = postSolution
		SolutionGuid = {CD884D6F-6142-4E43-840E-96DEF0A2F8CF}
	EndGlobalSection
EndGlobal
